
Microsoft Visual Studio Solution File, Format Version 12.00
# Visual Studio 15
VisualStudioVersion = 15.0.27703.2035
MinimumVisualStudioVersion = 10.0.40219.1
Project("{FAE04EC0-301F-11D3-BF4B-00C04F79EFBC}") = "CursorRangeController", "RangeCursorController\CursorRangeController.csproj", "{0E867477-0B4A-445E-BAF9-97AEE2A9D186}"
EndProject
Global
	GlobalSection(SolutionConfigurationPlatforms) = preSolution
		Debug|Any CPU = Debug|Any CPU
		Release|Any CPU = Release|Any CPU
	EndGlobalSection
	GlobalSection(ProjectConfigurationPlatforms) = postSolution
		{0E867477-0B4A-445E-BAF9-97AEE2A9D186}.Debug|Any CPU.ActiveCfg = Debug|Any CPU
		{0E867477-0B4A-445E-BAF9-97AEE2A9D186}.Debug|Any CPU.Build.0 = Debug|Any CPU
		{0E867477-0B4A-445E-BAF9-97AEE2A9D186}.Release|Any CPU.ActiveCfg = Release|Any CPU
		{0E867477-0B4A-445E-BAF9-97AEE2A9D186}.Release|Any CPU.Build.0 = Release|Any CPU
	EndGlobalSection
	GlobalSection(SolutionProperties) = preSolution
		HideSolutionNode = FALSE
	EndGlobalSection
	GlobalSection(ExtensibilityGlobals) = postSolution
		SolutionGuid = {DF4CDA6A-DD65-4787-BB1C-6192861DA8AA}
	EndGlobalSection
EndGlobal
